
Microsoft Visual Studio Solution File, Format Version 12.00
# Visual Studio Version 17
VisualStudioVersion = 17.0.32112.339
MinimumVisualStudioVersion = 10.0.40219.1
Project("{FAE04EC0-301F-11D3-BF4B-00C04F79EFBC}") = "Primeiro", "Primeiro\Primeiro.csproj", "{A631DF30-5B9C-4D48-B76F-3E5E1C2FC3F7}"
EndProject
Global
	GlobalSection(SolutionConfigurationPlatforms) = preSolution
		Debug|Any CPU = Debug|Any CPU
		Release|Any CPU = Release|Any CPU
	EndGlobalSection
	GlobalSection(ProjectConfigurationPlatforms) = postSolution
		{A631DF30-5B9C-4D48-B76F-3E5E1C2FC3F7}.Debug|Any CPU.ActiveCfg = Debug|Any CPU
		{A631DF30-5B9C-4D48-B76F-3E5E1C2FC3F7}.Debug|Any CPU.Build.0 = Debug|Any CPU
		{A631DF30-5B9C-4D48-B76F-3E5E1C2FC3F7}.Release|Any CPU.ActiveCfg = Release|Any CPU
		{A631DF30-5B9C-4D48-B76F-3E5E1C2FC3F7}.Release|Any CPU.Build.0 = Release|Any CPU
	EndGlobalSection
	GlobalSection(SolutionProperties) = preSolution
		HideSolutionNode = FALSE
	EndGlobalSection
	GlobalSection(ExtensibilityGlobals) = postSolution
		SolutionGuid = {1EBF3EF7-C985-4637-9E6C-39EABD9791C6}
	EndGlobalSection
EndGlobal
